// !$*UTF8*$!
{
	archiveVersion = 1;
	classes = {
	};
	objectVersion = 46;
	objects = {

/* Begin PBXBuildFile section */
		5B1656451D6B0A92009B1AF7 /* main.cpp in Sources */ = {isa = PBXBuildFile; fileRef = 5B1656441D6B0A92009B1AF7 /* main.cpp */; };
		5B16564C1D6B0AA1009B1AF7 /* OpenGL.framework in Frameworks */ = {isa = PBXBuildFile; fileRef = 5B16564B1D6B0AA1009B1AF7 /* OpenGL.framework */; };
		5B16564F1D6B0D15009B1AF7 /* libSDL2-2.0.0.dylib in Frameworks */ = {isa = PBXBuildFile; fileRef = 5B16564D1D6B0B86009B1AF7 /* libSDL2-2.0.0.dylib */; };
		5B1656511D6B0F96009B1AF7 /* libGLEW.2.0.0.dylib in Frameworks */ = {isa = PBXBuildFile; fileRef = 5B1656501D6B0F96009B1AF7 /* libGLEW.2.0.0.dylib */; };
/* End PBXBuildFile section */

/* Begin PBXCopyFilesBuildPhase section */
		5B16563F1D6B0A92009B1AF7 /* CopyFiles */ = {
			isa = PBXCopyFilesBuildPhase;
			buildActionMask = 2147483647;
			dstPath = /usr/share/man/man1/;
			dstSubfolderSpec = 0;
			files = (
			);
			runOnlyForDeploymentPostprocessing = 1;
		};
/* End PBXCopyFilesBuildPhase section */

/* Begin PBXFileReference section */
		5B1656411D6B0A92009B1AF7 /* SDLOpenGL */ = {isa = PBXFileReference; explicitFileType = "compiled.mach-o.executable"; includeInIndex = 0; path = SDLOpenGL; sourceTree = BUILT_PRODUCTS_DIR; };
		5B1656441D6B0A92009B1AF7 /* main.cpp */ = {isa = PBXFileReference; lastKnownFileType = sourcecode.cpp.cpp; path = main.cpp; sourceTree = "<group>"; };
		5B16564B1D6B0AA1009B1AF7 /* OpenGL.framework */ = {isa = PBXFileReference; lastKnownFileType = wrapper.framework; name = OpenGL.framework; path = System/Library/Frameworks/OpenGL.framework; sourceTree = SDKROOT; };
		5B16564D1D6B0B86009B1AF7 /* libSDL2-2.0.0.dylib */ = {isa = PBXFileReference; lastKnownFileType = "compiled.mach-o.dylib"; name = "libSDL2-2.0.0.dylib"; path = "../../../../usr/local/Cellar/sdl2/2.0.4/lib/libSDL2-2.0.0.dylib"; sourceTree = "<group>"; };
		5B1656501D6B0F96009B1AF7 /* libGLEW.2.0.0.dylib */ = {isa = PBXFileReference; lastKnownFileType = "compiled.mach-o.dylib"; name = libGLEW.2.0.0.dylib; path = ../../../../usr/local/Cellar/glew/2.0.0/lib/libGLEW.2.0.0.dylib; sourceTree = "<group>"; };
/* End PBXFileReference section */

/* Begin PBXFrameworksBuildPhase section */
		5B16563E1D6B0A92009B1AF7 /* Frameworks */ = {
			isa = PBXFrameworksBuildPhase;
			buildActionMask = 2147483647;
			files = (
				5B1656511D6B0F96009B1AF7 /* libGLEW.2.0.0.dylib in Frameworks */,
				5B16564F1D6B0D15009B1AF7 /* libSDL2-2.0.0.dylib in Frameworks */,
				5B16564C1D6B0AA1009B1AF7 /* OpenGL.framework in Frameworks */,
			);
			runOnlyForDeploymentPostprocessing = 0;
		};
/* End PBXFrameworksBuildPhase section */

/* Begin PBXGroup section */
		5B1656381D6B0A92009B1AF7 = {
			isa = PBXGroup;
			children = (
				5B1656501D6B0F96009B1AF7 /* libGLEW.2.0.0.dylib */,
				5B16564D1D6B0B86009B1AF7 /* libSDL2-2.0.0.dylib */,
				5B16564B1D6B0AA1009B1AF7 /* OpenGL.framework */,
				5B1656431D6B0A92009B1AF7 /* SDLOpenGL */,
				5B1656421D6B0A92009B1AF7 /* Products */,
			);
			sourceTree = "<group>";
		};
		5B1656421D6B0A92009B1AF7 /* Products */ = {
			isa = PBXGroup;
			children = (
				5B1656411D6B0A92009B1AF7 /* SDLOpenGL */,
			);
			name = Products;
			sourceTree = "<group>";
		};
		5B1656431D6B0A92009B1AF7 /* SDLOpenGL */ = {
			isa = PBXGroup;
			children = (
				5B1656441D6B0A92009B1AF7 /* main.cpp */,
			);
			path = SDLOpenGL;
			sourceTree = "<group>";
		};
/* End PBXGroup section */

/* Begin PBXNativeTarget section */
		5B1656401D6B0A92009B1AF7 /* SDLOpenGL */ = {
			isa = PBXNativeTarget;
			buildConfigurationList = 5B1656481D6B0A92009B1AF7 /* Build configuration list for PBXNativeTarget "SDLOpenGL" */;
			buildPhases = (
				5B16563D1D6B0A92009B1AF7 /* Sources */,
				5B16563E1D6B0A92009B1AF7 /* Frameworks */,
				5B16563F1D6B0A92009B1AF7 /* CopyFiles */,
			);
			buildRules = (
			);
			dependencies = (
			);
			name = SDLOpenGL;
			productName = SDLOpenGL;
			productReference = 5B1656411D6B0A92009B1AF7 /* SDLOpenGL */;
			productType = "com.apple.product-type.tool";
		};
/* End PBXNativeTarget section */

/* Begin PBXProject section */
		5B1656391D6B0A92009B1AF7 /* Project object */ = {
			isa = PBXProject;
			attributes = {
				LastUpgradeCheck = 0730;
				ORGANIZATIONNAME = "Frahaan Hussain";
				TargetAttributes = {
					5B1656401D6B0A92009B1AF7 = {
						CreatedOnToolsVersion = 7.3.1;
					};
				};
			};
			buildConfigurationList = 5B16563C1D6B0A92009B1AF7 /* Build configuration list for PBXProject "SDLOpenGL" */;
			compatibilityVersion = "Xcode 3.2";
			developmentRegion = English;
			hasScannedForEncodings = 0;
			knownRegions = (
				en,
			);
			mainGroup = 5B1656381D6B0A92009B1AF7;
			productRefGroup = 5B1656421D6B0A92009B1AF7 /* Products */;
			projectDirPath = "";
			projectRoot = "";
			targets = (
				5B1656401D6B0A92009B1AF7 /* SDLOpenGL */,
			);
		};
/* End PBXProject section */

/* Begin PBXSourcesBuildPhase section */
		5B16563D1D6B0A92009B1AF7 /* Sources */ = {
			isa = PBXSourcesBuildPhase;
			buildActionMask = 2147483647;
			files = (
				5B1656451D6B0A92009B1AF7 /* main.cpp in Sources */,
			);
			runOnlyForDeploymentPostprocessing = 0;
		};
/* End PBXSourcesBuildPhase section */

/* Begin XCBuildConfiguration section */
		5B1656461D6B0A92009B1AF7 /* Debug */ = {
			isa = XCBuildConfiguration;
			buildSettings = {
				ALWAYS_SEARCH_USER_PATHS = NO;
				CLANG_ANALYZER_NONNULL = YES;
				CLANG_CXX_LANGUAGE_STANDARD = "gnu++0x";
				CLANG_CXX_LIBRARY = "libc++";
				CLANG_ENABLE_MODULES = YES;
				CLANG_ENABLE_OBJC_ARC = YES;
				CLANG_WARN_BOOL_CONVERSION = YES;
				CLANG_WARN_CONSTANT_CONVERSION = YES;
				CLANG_WARN_DIRECT_OBJC_ISA_USAGE = YES_ERROR;
				CLANG_WARN_EMPTY_BODY = YES;
				CLANG_WARN_ENUM_CONVERSION = YES;
				CLANG_WARN_INT_CONVERSION = YES;
				CLANG_WARN_OBJC_ROOT_CLASS = YES_ERROR;
				CLANG_WARN_UNREACHABLE_CODE = YES;
				CLANG_WARN__DUPLICATE_METHOD_MATCH = YES;
				CODE_SIGN_IDENTITY = "-";
				COPY_PHASE_STRIP = NO;
				DEBUG_INFORMATION_FORMAT = dwarf;
				ENABLE_STRICT_OBJC_MSGSEND = YES;
				ENABLE_TESTABILITY = YES;
				GCC_C_LANGUAGE_STANDARD = gnu99;
				GCC_DYNAMIC_NO_PIC = NO;
				GCC_NO_COMMON_BLOCKS = YES;
				GCC_OPTIMIZATION_LEVEL = 0;
				GCC_PREPROCESSOR_DEFINITIONS = (
					"DEBUG=1",
					"$(inherited)",
				);
				GCC_WARN_64_TO_32_BIT_CONVERSION = YES;
				GCC_WARN_ABOUT_RETURN_TYPE = YES_ERROR;
				GCC_WARN_UNDECLARED_SELECTOR = YES;
				GCC_WARN_UNINITIALIZED_AUTOS = YES_AGGRESSIVE;
				GCC_WARN_UNUSED_FUNCTION = YES;
				GCC_WARN_UNUSED_VARIABLE = YES;
				MACOSX_DEPLOYMENT_TARGET = 10.11;
				MTL_ENABLE_DEBUG_INFO = YES;
				ONLY_ACTIVE_ARCH = YES;
				SDKROOT = macosx;
			};
			name = Debug;
		};
		5B1656471D6B0A92009B1AF7 /* Release */ = {
			isa = XCBuildConfiguration;
			buildSettings = {
				ALWAYS_SEARCH_USER_PATHS = NO;
				CLANG_ANALYZER_NONNULL = YES;
				CLANG_CXX_LANGUAGE_STANDARD = "gnu++0x";
				CLANG_CXX_LIBRARY = "libc++";
				CLANG_ENABLE_MODULES = YES;
				CLANG_ENABLE_OBJC_ARC = YES;
				CLANG_WARN_BOOL_CONVERSION = YES;
				CLANG_WARN_CONSTANT_CONVERSION = YES;
				CLANG_WARN_DIRECT_OBJC_ISA_USAGE = YES_ERROR;
				CLANG_WARN_EMPTY_BODY = YES;
				CLANG_WARN_ENUM_CONVERSION = YES;
				CLANG_WARN_INT_CONVERSION = YES;
				CLANG_WARN_OBJC_ROOT_CLASS = YES_ERROR;
				CLANG_WARN_UNREACHABLE_CODE = YES;
				CLANG_WARN__DUPLICATE_METHOD_MATCH = YES;
				CODE_SIGN_IDENTITY = "-";
				COPY_PHASE_STRIP = NO;
				DEBUG_INFORMATION_FORMAT = "dwarf-with-dsym";
				ENABLE_NS_ASSERTIONS = NO;
				ENABLE_STRICT_OBJC_MSGSEND = YES;
				GCC_C_LANGUAGE_STANDARD = gnu99;
				GCC_NO_COMMON_BLOCKS = YES;
				GCC_WARN_64_TO_32_BIT_CONVERSION = YES;
				GCC_WARN_ABOUT_RETURN_TYPE = YES_ERROR;
				GCC_WARN_UNDECLARED_SELECTOR = YES;
				GCC_WARN_UNINITIALIZED_AUTOS = YES_AGGRESSIVE;
				GCC_WARN_UNUSED_FUNCTION = YES;
				GCC_WARN_UNUSED_VARIABLE = YES;
				MACOSX_DEPLOYMENT_TARGET = 10.11;
				MTL_ENABLE_DEBUG_INFO = NO;
				SDKROOT = macosx;
			};
			name = Release;
		};
		5B1656491D6B0A92009B1AF7 /* Debug */ = {
			isa = XCBuildConfiguration;
			buildSettings = {
				HEADER_SEARCH_PATHS = /usr/local/include;
				LIBRARY_SEARCH_PATHS = (
					/usr/local/Cellar/sdl2/2.0.4/lib,
					/usr/local/Cellar/glew/2.0.0/lib,
				);
				PRODUCT_NAME = "$(TARGET_NAME)";
			};
			name = Debug;
		};
		5B16564A1D6B0A92009B1AF7 /* Release */ = {
			isa = XCBuildConfiguration;
			buildSettings = {
				HEADER_SEARCH_PATHS = /usr/local/include;
				LIBRARY_SEARCH_PATHS = (
					/usr/local/Cellar/sdl2/2.0.4/lib,
					/usr/local/Cellar/glew/2.0.0/lib,
				);
				PRODUCT_NAME = "$(TARGET_NAME)";
			};
			name = Release;
		};
/* End XCBuildConfiguration section */

/* Begin XCConfigurationList section */
		5B16563C1D6B0A92009B1AF7 /* Build configuration list for PBXProject "SDLOpenGL" */ = {
			isa = XCConfigurationList;
			buildConfigurations = (
				5B1656461D6B0A92009B1AF7 /* Debug */,
				5B1656471D6B0A92009B1AF7 /* Release */,
			);
			defaultConfigurationIsVisible = 0;
			defaultConfigurationName = Release;
		};
		5B1656481D6B0A92009B1AF7 /* Build configuration list for PBXNativeTarget "SDLOpenGL" */ = {
			isa = XCConfigurationList;
			buildConfigurations = (
				5B1656491D6B0A92009B1AF7 /* Debug */,
				5B16564A1D6B0A92009B1AF7 /* Release */,
			);
			defaultConfigurationIsVisible = 0;
		};
/* End XCConfigurationList section */
	};
	rootObject = 5B1656391D6B0A92009B1AF7 /* Project object */;
}
